// !$*UTF8*$!
{
	archiveVersion = 1;
	classes = {
	};
	objectVersion = 55;
	objects = {

/* Begin PBXBuildFile section */
		B4F0C3E8B34C29845CEFA48A /* Pods_Elib.framework in Frameworks */ = {isa = PBXBuildFile; fileRef = DC6AB5ACC13A200F53C0B067 /* Pods_Elib.framework */; };
		E30A218D27E4FFCD009D171A /* HomeImageLoader.swift in Sources */ = {isa = PBXBuildFile; fileRef = E30A218C27E4FFCC009D171A /* HomeImageLoader.swift */; };
		E31DFF3527B123F900508E96 /* ElibApp.swift in Sources */ = {isa = PBXBuildFile; fileRef = E31DFF3427B123F900508E96 /* ElibApp.swift */; };
		E31DFF3727B123F900508E96 /* ContentView.swift in Sources */ = {isa = PBXBuildFile; fileRef = E31DFF3627B123F900508E96 /* ContentView.swift */; };
		E31DFF3927B1240000508E96 /* Assets.xcassets in Resources */ = {isa = PBXBuildFile; fileRef = E31DFF3827B1240000508E96 /* Assets.xcassets */; };
		E31DFF3C27B1240000508E96 /* Preview Assets.xcassets in Resources */ = {isa = PBXBuildFile; fileRef = E31DFF3B27B1240000508E96 /* Preview Assets.xcassets */; };
		E31DFF4427B1245300508E96 /* SearchBar.swift in Sources */ = {isa = PBXBuildFile; fileRef = E31DFF4327B1245300508E96 /* SearchBar.swift */; };
		E31DFF4827B13B3100508E96 /* SearchBooksView.swift in Sources */ = {isa = PBXBuildFile; fileRef = E31DFF4727B13B3100508E96 /* SearchBooksView.swift */; };
		E31DFF4A27B13B7900508E96 /* Book.swift in Sources */ = {isa = PBXBuildFile; fileRef = E31DFF4927B13B7900508E96 /* Book.swift */; };
		E31DFF4C27B2E75300508E96 /* BookDetailView.swift in Sources */ = {isa = PBXBuildFile; fileRef = E31DFF4B27B2E75300508E96 /* BookDetailView.swift */; };
		E31DFF4E27B3A0F000508E96 /* GoogleService-Info.plist in Resources */ = {isa = PBXBuildFile; fileRef = E31DFF4D27B3A0F000508E96 /* GoogleService-Info.plist */; };
		E31DFF6027B4BF9500508E96 /* BooksViewModel.swift in Sources */ = {isa = PBXBuildFile; fileRef = E31DFF5F27B4BF9500508E96 /* BooksViewModel.swift */; };
		E34058D527E4B5A0005504ED /* HomeTabBar.swift in Sources */ = {isa = PBXBuildFile; fileRef = E34058D427E4B5A0005504ED /* HomeTabBar.swift */; };
		E34058D927E4BC55005504ED /* GanreList.swift in Sources */ = {isa = PBXBuildFile; fileRef = E34058D827E4BC55005504ED /* GanreList.swift */; };
		E34058DB27E4BC84005504ED /* LibrariesList.swift in Sources */ = {isa = PBXBuildFile; fileRef = E34058DA27E4BC84005504ED /* LibrariesList.swift */; };
		E34058DD27E4BF24005504ED /* MainList.swift in Sources */ = {isa = PBXBuildFile; fileRef = E34058DC27E4BF24005504ED /* MainList.swift */; };
		E34058DF27E4D614005504ED /* BookCardView.swift in Sources */ = {isa = PBXBuildFile; fileRef = E34058DE27E4D614005504ED /* BookCardView.swift */; };
		E3508FFF27CCAAC50049E637 /* TabBar.swift in Sources */ = {isa = PBXBuildFile; fileRef = E3508FFE27CCAAC50049E637 /* TabBar.swift */; };
		E350900427CE8CE30049E637 /* HiddenNavigationBar.swift in Sources */ = {isa = PBXBuildFile; fileRef = E350900327CE8CE30049E637 /* HiddenNavigationBar.swift */; };
		E366D3AF27F1B8ED0008E607 /* SharedDataModel.swift in Sources */ = {isa = PBXBuildFile; fileRef = E366D3AE27F1B8ED0008E607 /* SharedDataModel.swift */; };
		E370E98927D2A56000218B86 /* MyLibraryView.swift in Sources */ = {isa = PBXBuildFile; fileRef = E370E98827D2A55F00218B86 /* MyLibraryView.swift */; };
		E370E98B27D2A56D00218B86 /* ProfileView.swift in Sources */ = {isa = PBXBuildFile; fileRef = E370E98A27D2A56D00218B86 /* ProfileView.swift */; };
		E370E9AA27D6674E00218B86 /* ImageLoader.swift in Sources */ = {isa = PBXBuildFile; fileRef = E370E9A927D6674E00218B86 /* ImageLoader.swift */; };
		E370E9B327D69A9500218B86 /* SDWebImageSwiftUI in Frameworks */ = {isa = PBXBuildFile; productRef = E370E9B227D69A9500218B86 /* SDWebImageSwiftUI */; };
		E370E9B527D6A89B00218B86 /* DetailImageLoader.swift in Sources */ = {isa = PBXBuildFile; fileRef = E370E9B427D6A89B00218B86 /* DetailImageLoader.swift */; };
		E370E9BA27D889AB00218B86 /* Raleway-Bold.ttf in Resources */ = {isa = PBXBuildFile; fileRef = E370E9B727D889AA00218B86 /* Raleway-Bold.ttf */; };
		E370E9BB27D889AB00218B86 /* Raleway-Regular.ttf in Resources */ = {isa = PBXBuildFile; fileRef = E370E9B827D889AA00218B86 /* Raleway-Regular.ttf */; };
		E370E9BC27D889AB00218B86 /* Raleway-SemiBold.ttf in Resources */ = {isa = PBXBuildFile; fileRef = E370E9B927D889AB00218B86 /* Raleway-SemiBold.ttf */; };
		E370E9BF27D88B0B00218B86 /* OnBoardingView.swift in Sources */ = {isa = PBXBuildFile; fileRef = E370E9BE27D88B0B00218B86 /* OnBoardingView.swift */; };
		E39A222327EDA26B008951B5 /* ImagePicker.swift in Sources */ = {isa = PBXBuildFile; fileRef = E39A222227EDA26A008951B5 /* ImagePicker.swift */; };
		E39A222527EDC09D008951B5 /* AddBookView.swift in Sources */ = {isa = PBXBuildFile; fileRef = E39A222427EDC09D008951B5 /* AddBookView.swift */; };
		E39D2F0A27DA7A7000EE4A00 /* LoginView.swift in Sources */ = {isa = PBXBuildFile; fileRef = E39D2F0927DA7A7000EE4A00 /* LoginView.swift */; };
		E3E51C2627DC4BCD0075FF89 /* LoginViewModel.swift in Sources */ = {isa = PBXBuildFile; fileRef = E3E51C2527DC4BCD0075FF89 /* LoginViewModel.swift */; };
		E3E51C2827DC4E660075FF89 /* CustomCorners.swift in Sources */ = {isa = PBXBuildFile; fileRef = E3E51C2727DC4E660075FF89 /* CustomCorners.swift */; };
/* End PBXBuildFile section */

/* Begin PBXFileReference section */
		6453FD56521A16CB5D3EBA86 /* Pods-Elib.debug.xcconfig */ = {isa = PBXFileReference; includeInIndex = 1; lastKnownFileType = text.xcconfig; name = "Pods-Elib.debug.xcconfig"; path = "Target Support Files/Pods-Elib/Pods-Elib.debug.xcconfig"; sourceTree = "<group>"; };
		CF6697FE394965DC2D39EFB3 /* Pods-Elib.release.xcconfig */ = {isa = PBXFileReference; includeInIndex = 1; lastKnownFileType = text.xcconfig; name = "Pods-Elib.release.xcconfig"; path = "Target Support Files/Pods-Elib/Pods-Elib.release.xcconfig"; sourceTree = "<group>"; };
		DC6AB5ACC13A200F53C0B067 /* Pods_Elib.framework */ = {isa = PBXFileReference; explicitFileType = wrapper.framework; includeInIndex = 0; path = Pods_Elib.framework; sourceTree = BUILT_PRODUCTS_DIR; };
		E30A218C27E4FFCC009D171A /* HomeImageLoader.swift */ = {isa = PBXFileReference; lastKnownFileType = sourcecode.swift; path = HomeImageLoader.swift; sourceTree = "<group>"; };
		E31DFF3127B123F900508E96 /* Elib.app */ = {isa = PBXFileReference; explicitFileType = wrapper.application; includeInIndex = 0; path = Elib.app; sourceTree = BUILT_PRODUCTS_DIR; };
		E31DFF3427B123F900508E96 /* ElibApp.swift */ = {isa = PBXFileReference; lastKnownFileType = sourcecode.swift; path = ElibApp.swift; sourceTree = "<group>"; };
		E31DFF3627B123F900508E96 /* ContentView.swift */ = {isa = PBXFileReference; lastKnownFileType = sourcecode.swift; path = ContentView.swift; sourceTree = "<group>"; };
		E31DFF3827B1240000508E96 /* Assets.xcassets */ = {isa = PBXFileReference; lastKnownFileType = folder.assetcatalog; path = Assets.xcassets; sourceTree = "<group>"; };
		E31DFF3B27B1240000508E96 /* Preview Assets.xcassets */ = {isa = PBXFileReference; lastKnownFileType = folder.assetcatalog; path = "Preview Assets.xcassets"; sourceTree = "<group>"; };
		E31DFF4327B1245300508E96 /* SearchBar.swift */ = {isa = PBXFileReference; lastKnownFileType = sourcecode.swift; path = SearchBar.swift; sourceTree = "<group>"; };
		E31DFF4727B13B3100508E96 /* SearchBooksView.swift */ = {isa = PBXFileReference; lastKnownFileType = sourcecode.swift; path = SearchBooksView.swift; sourceTree = "<group>"; };
		E31DFF4927B13B7900508E96 /* Book.swift */ = {isa = PBXFileReference; lastKnownFileType = sourcecode.swift; path = Book.swift; sourceTree = "<group>"; };
		E31DFF4B27B2E75300508E96 /* BookDetailView.swift */ = {isa = PBXFileReference; lastKnownFileType = sourcecode.swift; path = BookDetailView.swift; sourceTree = "<group>"; };
		E31DFF4D27B3A0F000508E96 /* GoogleService-Info.plist */ = {isa = PBXFileReference; fileEncoding = 4; lastKnownFileType = text.plist.xml; path = "GoogleService-Info.plist"; sourceTree = "<group>"; };
		E31DFF5F27B4BF9500508E96 /* BooksViewModel.swift */ = {isa = PBXFileReference; lastKnownFileType = sourcecode.swift; path = BooksViewModel.swift; sourceTree = "<group>"; };
		E34058D427E4B5A0005504ED /* HomeTabBar.swift */ = {isa = PBXFileReference; fileEncoding = 4; lastKnownFileType = sourcecode.swift; path = HomeTabBar.swift; sourceTree = "<group>"; };
		E34058D827E4BC55005504ED /* GanreList.swift */ = {isa = PBXFileReference; lastKnownFileType = sourcecode.swift; path = GanreList.swift; sourceTree = "<group>"; };
		E34058DA27E4BC84005504ED /* LibrariesList.swift */ = {isa = PBXFileReference; lastKnownFileType = sourcecode.swift; path = LibrariesList.swift; sourceTree = "<group>"; };
		E34058DC27E4BF24005504ED /* MainList.swift */ = {isa = PBXFileReference; lastKnownFileType = sourcecode.swift; path = MainList.swift; sourceTree = "<group>"; };
		E34058DE27E4D614005504ED /* BookCardView.swift */ = {isa = PBXFileReference; lastKnownFileType = sourcecode.swift; path = BookCardView.swift; sourceTree = "<group>"; };
		E3508FFE27CCAAC50049E637 /* TabBar.swift */ = {isa = PBXFileReference; lastKnownFileType = sourcecode.swift; path = TabBar.swift; sourceTree = "<group>"; };
		E350900327CE8CE30049E637 /* HiddenNavigationBar.swift */ = {isa = PBXFileReference; lastKnownFileType = sourcecode.swift; path = HiddenNavigationBar.swift; sourceTree = "<group>"; };
		E366D3AE27F1B8ED0008E607 /* SharedDataModel.swift */ = {isa = PBXFileReference; lastKnownFileType = sourcecode.swift; path = SharedDataModel.swift; sourceTree = "<group>"; };
		E370E98827D2A55F00218B86 /* MyLibraryView.swift */ = {isa = PBXFileReference; lastKnownFileType = sourcecode.swift; path = MyLibraryView.swift; sourceTree = "<group>"; };
		E370E98A27D2A56D00218B86 /* ProfileView.swift */ = {isa = PBXFileReference; lastKnownFileType = sourcecode.swift; path = ProfileView.swift; sourceTree = "<group>"; };
		E370E9A927D6674E00218B86 /* ImageLoader.swift */ = {isa = PBXFileReference; lastKnownFileType = sourcecode.swift; path = ImageLoader.swift; sourceTree = "<group>"; };
		E370E9B427D6A89B00218B86 /* DetailImageLoader.swift */ = {isa = PBXFileReference; lastKnownFileType = sourcecode.swift; path = DetailImageLoader.swift; sourceTree = "<group>"; };
		E370E9B727D889AA00218B86 /* Raleway-Bold.ttf */ = {isa = PBXFileReference; lastKnownFileType = file; path = "Raleway-Bold.ttf"; sourceTree = "<group>"; };
		E370E9B827D889AA00218B86 /* Raleway-Regular.ttf */ = {isa = PBXFileReference; lastKnownFileType = file; path = "Raleway-Regular.ttf"; sourceTree = "<group>"; };
		E370E9B927D889AB00218B86 /* Raleway-SemiBold.ttf */ = {isa = PBXFileReference; lastKnownFileType = file; path = "Raleway-SemiBold.ttf"; sourceTree = "<group>"; };
		E370E9BD27D88A0B00218B86 /* Info.plist */ = {isa = PBXFileReference; lastKnownFileType = text.plist; path = Info.plist; sourceTree = "<group>"; };
		E370E9BE27D88B0B00218B86 /* OnBoardingView.swift */ = {isa = PBXFileReference; lastKnownFileType = sourcecode.swift; path = OnBoardingView.swift; sourceTree = "<group>"; };
		E39A222227EDA26A008951B5 /* ImagePicker.swift */ = {isa = PBXFileReference; lastKnownFileType = sourcecode.swift; path = ImagePicker.swift; sourceTree = "<group>"; };
		E39A222427EDC09D008951B5 /* AddBookView.swift */ = {isa = PBXFileReference; lastKnownFileType = sourcecode.swift; path = AddBookView.swift; sourceTree = "<group>"; };
		E39D2F0927DA7A7000EE4A00 /* LoginView.swift */ = {isa = PBXFileReference; lastKnownFileType = sourcecode.swift; path = LoginView.swift; sourceTree = "<group>"; };
		E3E51C2527DC4BCD0075FF89 /* LoginViewModel.swift */ = {isa = PBXFileReference; lastKnownFileType = sourcecode.swift; path = LoginViewModel.swift; sourceTree = "<group>"; };
		E3E51C2727DC4E660075FF89 /* CustomCorners.swift */ = {isa = PBXFileReference; lastKnownFileType = sourcecode.swift; path = CustomCorners.swift; sourceTree = "<group>"; };
/* End PBXFileReference section */

/* Begin PBXFrameworksBuildPhase section */
		E31DFF2E27B123F900508E96 /* Frameworks */ = {
			isa = PBXFrameworksBuildPhase;
			buildActionMask = 2147483647;
			files = (
				E370E9B327D69A9500218B86 /* SDWebImageSwiftUI in Frameworks */,
				B4F0C3E8B34C29845CEFA48A /* Pods_Elib.framework in Frameworks */,
			);
			runOnlyForDeploymentPostprocessing = 0;
		};
/* End PBXFrameworksBuildPhase section */

/* Begin PBXGroup section */
		A246D56E4D6B5D8803C444C2 /* Pods */ = {
			isa = PBXGroup;
			children = (
				6453FD56521A16CB5D3EBA86 /* Pods-Elib.debug.xcconfig */,
				CF6697FE394965DC2D39EFB3 /* Pods-Elib.release.xcconfig */,
			);
			path = Pods;
			sourceTree = "<group>";
		};
		C94C334AC468D338EBDE4E62 /* Frameworks */ = {
			isa = PBXGroup;
			children = (
				DC6AB5ACC13A200F53C0B067 /* Pods_Elib.framework */,
			);
			name = Frameworks;
			sourceTree = "<group>";
		};
		E31DFF2827B123F900508E96 = {
			isa = PBXGroup;
			children = (
				E31DFF3327B123F900508E96 /* Elib */,
				E31DFF3227B123F900508E96 /* Products */,
				A246D56E4D6B5D8803C444C2 /* Pods */,
				C94C334AC468D338EBDE4E62 /* Frameworks */,
			);
			sourceTree = "<group>";
		};
		E31DFF3227B123F900508E96 /* Products */ = {
			isa = PBXGroup;
			children = (
				E31DFF3127B123F900508E96 /* Elib.app */,
			);
			name = Products;
			sourceTree = "<group>";
		};
		E31DFF3327B123F900508E96 /* Elib */ = {
			isa = PBXGroup;
			children = (
				E350900227CE8CB70049E637 /* Modifiers */,
				E31DFF5E27B4BF7600508E96 /* ViewModel */,
				E31DFF4227B1241D00508E96 /* Components */,
				E31DFF4627B1390E00508E96 /* Views */,
				E31DFF4527B1390400508E96 /* Models */,
				E31DFF3627B123F900508E96 /* ContentView.swift */,
				E31DFF3427B123F900508E96 /* ElibApp.swift */,
				E31DFF3827B1240000508E96 /* Assets.xcassets */,
				E31DFF4D27B3A0F000508E96 /* GoogleService-Info.plist */,
				E370E9BD27D88A0B00218B86 /* Info.plist */,
				E31DFF3A27B1240000508E96 /* Preview Content */,
			);
			path = Elib;
			sourceTree = "<group>";
		};
		E31DFF3A27B1240000508E96 /* Preview Content */ = {
			isa = PBXGroup;
			children = (
				E31DFF3B27B1240000508E96 /* Preview Assets.xcassets */,
			);
			path = "Preview Content";
			sourceTree = "<group>";
		};
		E31DFF4227B1241D00508E96 /* Components */ = {
			isa = PBXGroup;
			children = (
				E366D3B127F1BF490008E607 /* HomeUpperTabViews */,
				E31DFF4327B1245300508E96 /* SearchBar.swift */,
				E3508FFE27CCAAC50049E637 /* TabBar.swift */,
				E34058DE27E4D614005504ED /* BookCardView.swift */,
				E31DFF4B27B2E75300508E96 /* BookDetailView.swift */,
			);
			path = Components;
			sourceTree = "<group>";
		};
		E31DFF4527B1390400508E96 /* Models */ = {
			isa = PBXGroup;
			children = (
				E31DFF4927B13B7900508E96 /* Book.swift */,
			);
			path = Models;
			sourceTree = "<group>";
		};
		E31DFF4627B1390E00508E96 /* Views */ = {
			isa = PBXGroup;
			children = (
				E370E9BE27D88B0B00218B86 /* OnBoardingView.swift */,
				E39D2F0927DA7A7000EE4A00 /* LoginView.swift */,
				E366D3B027F1BF140008E607 /* TabViews */,
				E370E9B627D8898100218B86 /* Fonts */,
			);
			path = Views;
			sourceTree = "<group>";
		};
		E31DFF5E27B4BF7600508E96 /* ViewModel */ = {
			isa = PBXGroup;
			children = (
				E31DFF5F27B4BF9500508E96 /* BooksViewModel.swift */,
				E370E9A927D6674E00218B86 /* ImageLoader.swift */,
				E370E9B427D6A89B00218B86 /* DetailImageLoader.swift */,
				E3E51C2527DC4BCD0075FF89 /* LoginViewModel.swift */,
				E30A218C27E4FFCC009D171A /* HomeImageLoader.swift */,
				E39A222227EDA26A008951B5 /* ImagePicker.swift */,
				E366D3AE27F1B8ED0008E607 /* SharedDataModel.swift */,
			);
			path = ViewModel;
			sourceTree = "<group>";
		};
		E350900227CE8CB70049E637 /* Modifiers */ = {
			isa = PBXGroup;
			children = (
				E3E51C2727DC4E660075FF89 /* CustomCorners.swift */,
				E350900327CE8CE30049E637 /* HiddenNavigationBar.swift */,
			);
			path = Modifiers;
			sourceTree = "<group>";
		};
		E366D3B027F1BF140008E607 /* TabViews */ = {
			isa = PBXGroup;
			children = (
				E34058D427E4B5A0005504ED /* HomeTabBar.swift */,
				E31DFF4727B13B3100508E96 /* SearchBooksView.swift */,
				E39A222427EDC09D008951B5 /* AddBookView.swift */,
				E370E98827D2A55F00218B86 /* MyLibraryView.swift */,
				E370E98A27D2A56D00218B86 /* ProfileView.swift */,
			);
			path = TabViews;
			sourceTree = "<group>";
		};
		E366D3B127F1BF490008E607 /* HomeUpperTabViews */ = {
			isa = PBXGroup;
			children = (
				E34058D827E4BC55005504ED /* GanreList.swift */,
				E34058DC27E4BF24005504ED /* MainList.swift */,
				E34058DA27E4BC84005504ED /* LibrariesList.swift */,
			);
			path = HomeUpperTabViews;
			sourceTree = "<group>";
		};
		E370E9B627D8898100218B86 /* Fonts */ = {
			isa = PBXGroup;
			children = (
				E370E9B727D889AA00218B86 /* Raleway-Bold.ttf */,
				E370E9B827D889AA00218B86 /* Raleway-Regular.ttf */,
				E370E9B927D889AB00218B86 /* Raleway-SemiBold.ttf */,
			);
			path = Fonts;
			sourceTree = "<group>";
		};
/* End PBXGroup section */

/* Begin PBXNativeTarget section */
		E31DFF3027B123F900508E96 /* Elib */ = {
			isa = PBXNativeTarget;
			buildConfigurationList = E31DFF3F27B1240000508E96 /* Build configuration list for PBXNativeTarget "Elib" */;
			buildPhases = (
				D1CCAD5F09903863310045A4 /* [CP] Check Pods Manifest.lock */,
				E31DFF2D27B123F900508E96 /* Sources */,
				E31DFF2E27B123F900508E96 /* Frameworks */,
				E31DFF2F27B123F900508E96 /* Resources */,
				381BF0B596C1D2D4311F8D0C /* [CP] Embed Pods Frameworks */,
			);
			buildRules = (
			);
			dependencies = (
			);
			name = Elib;
			packageProductDependencies = (
				E370E9B227D69A9500218B86 /* SDWebImageSwiftUI */,
			);
			productName = Elib;
			productReference = E31DFF3127B123F900508E96 /* Elib.app */;
			productType = "com.apple.product-type.application";
		};
/* End PBXNativeTarget section */

/* Begin PBXProject section */
		E31DFF2927B123F900508E96 /* Project object */ = {
			isa = PBXProject;
			attributes = {
				BuildIndependentTargetsInParallel = 1;
				LastSwiftUpdateCheck = 1320;
				LastUpgradeCheck = 1320;
				TargetAttributes = {
					E31DFF3027B123F900508E96 = {
						CreatedOnToolsVersion = 13.2.1;
					};
				};
			};
			buildConfigurationList = E31DFF2C27B123F900508E96 /* Build configuration list for PBXProject "Elib" */;
			compatibilityVersion = "Xcode 13.0";
			developmentRegion = en;
			hasScannedForEncodings = 0;
			knownRegions = (
				en,
				Base,
			);
			mainGroup = E31DFF2827B123F900508E96;
			packageReferences = (
				E370E9B127D69A9400218B86 /* XCRemoteSwiftPackageReference "SDWebImageSwiftUI" */,
			);
			productRefGroup = E31DFF3227B123F900508E96 /* Products */;
			projectDirPath = "";
			projectRoot = "";
			targets = (
				E31DFF3027B123F900508E96 /* Elib */,
			);
		};
/* End PBXProject section */

/* Begin PBXResourcesBuildPhase section */
		E31DFF2F27B123F900508E96 /* Resources */ = {
			isa = PBXResourcesBuildPhase;
			buildActionMask = 2147483647;
			files = (
				E31DFF3C27B1240000508E96 /* Preview Assets.xcassets in Resources */,
				E370E9BB27D889AB00218B86 /* Raleway-Regular.ttf in Resources */,
				E31DFF3927B1240000508E96 /* Assets.xcassets in Resources */,
				E370E9BC27D889AB00218B86 /* Raleway-SemiBold.ttf in Resources */,
				E31DFF4E27B3A0F000508E96 /* GoogleService-Info.plist in Resources */,
				E370E9BA27D889AB00218B86 /* Raleway-Bold.ttf in Resources */,
			);
			runOnlyForDeploymentPostprocessing = 0;
		};
/* End PBXResourcesBuildPhase section */

/* Begin PBXShellScriptBuildPhase section */
		381BF0B596C1D2D4311F8D0C /* [CP] Embed Pods Frameworks */ = {
			isa = PBXShellScriptBuildPhase;
			buildActionMask = 2147483647;
			files = (
			);
			inputFileListPaths = (
				"${PODS_ROOT}/Target Support Files/Pods-Elib/Pods-Elib-frameworks-${CONFIGURATION}-input-files.xcfilelist",
			);
			name = "[CP] Embed Pods Frameworks";
			outputFileListPaths = (
				"${PODS_ROOT}/Target Support Files/Pods-Elib/Pods-Elib-frameworks-${CONFIGURATION}-output-files.xcfilelist",
			);
			runOnlyForDeploymentPostprocessing = 0;
			shellPath = /bin/sh;
			shellScript = "\"${PODS_ROOT}/Target Support Files/Pods-Elib/Pods-Elib-frameworks.sh\"\n";
			showEnvVarsInLog = 0;
		};
		D1CCAD5F09903863310045A4 /* [CP] Check Pods Manifest.lock */ = {
			isa = PBXShellScriptBuildPhase;
			buildActionMask = 2147483647;
			files = (
			);
			inputFileListPaths = (
			);
			inputPaths = (
				"${PODS_PODFILE_DIR_PATH}/Podfile.lock",
				"${PODS_ROOT}/Manifest.lock",
			);
			name = "[CP] Check Pods Manifest.lock";
			outputFileListPaths = (
			);
			outputPaths = (
				"$(DERIVED_FILE_DIR)/Pods-Elib-checkManifestLockResult.txt",
			);
			runOnlyForDeploymentPostprocessing = 0;
			shellPath = /bin/sh;
			shellScript = "diff \"${PODS_PODFILE_DIR_PATH}/Podfile.lock\" \"${PODS_ROOT}/Manifest.lock\" > /dev/null\nif [ $? != 0 ] ; then\n    # print error to STDERR\n    echo \"error: The sandbox is not in sync with the Podfile.lock. Run 'pod install' or update your CocoaPods installation.\" >&2\n    exit 1\nfi\n# This output is used by Xcode 'outputs' to avoid re-running this script phase.\necho \"SUCCESS\" > \"${SCRIPT_OUTPUT_FILE_0}\"\n";
			showEnvVarsInLog = 0;
		};
/* End PBXShellScriptBuildPhase section */

/* Begin PBXSourcesBuildPhase section */
		E31DFF2D27B123F900508E96 /* Sources */ = {
			isa = PBXSourcesBuildPhase;
			buildActionMask = 2147483647;
			files = (
				E34058DB27E4BC84005504ED /* LibrariesList.swift in Sources */,
				E3E51C2827DC4E660075FF89 /* CustomCorners.swift in Sources */,
				E31DFF4827B13B3100508E96 /* SearchBooksView.swift in Sources */,
				E31DFF3727B123F900508E96 /* ContentView.swift in Sources */,
				E370E9BF27D88B0B00218B86 /* OnBoardingView.swift in Sources */,
				E30A218D27E4FFCD009D171A /* HomeImageLoader.swift in Sources */,
				E31DFF3527B123F900508E96 /* ElibApp.swift in Sources */,
				E370E98B27D2A56D00218B86 /* ProfileView.swift in Sources */,
				E34058DD27E4BF24005504ED /* MainList.swift in Sources */,
				E34058D527E4B5A0005504ED /* HomeTabBar.swift in Sources */,
				E3508FFF27CCAAC50049E637 /* TabBar.swift in Sources */,
				E31DFF6027B4BF9500508E96 /* BooksViewModel.swift in Sources */,
				E370E98927D2A56000218B86 /* MyLibraryView.swift in Sources */,
				E31DFF4427B1245300508E96 /* SearchBar.swift in Sources */,
				E39A222527EDC09D008951B5 /* AddBookView.swift in Sources */,
				E34058DF27E4D614005504ED /* BookCardView.swift in Sources */,
				E366D3AF27F1B8ED0008E607 /* SharedDataModel.swift in Sources */,
				E3E51C2627DC4BCD0075FF89 /* LoginViewModel.swift in Sources */,
				E31DFF4C27B2E75300508E96 /* BookDetailView.swift in Sources */,
				E31DFF4A27B13B7900508E96 /* Book.swift in Sources */,
				E350900427CE8CE30049E637 /* HiddenNavigationBar.swift in Sources */,
				E370E9AA27D6674E00218B86 /* ImageLoader.swift in Sources */,
				E39D2F0A27DA7A7000EE4A00 /* LoginView.swift in Sources */,
				E39A222327EDA26B008951B5 /* ImagePicker.swift in Sources */,
				E370E9B527D6A89B00218B86 /* DetailImageLoader.swift in Sources */,
				E34058D927E4BC55005504ED /* GanreList.swift in Sources */,
			);
			runOnlyForDeploymentPostprocessing = 0;
		};
/* End PBXSourcesBuildPhase section */

/* Begin XCBuildConfiguration section */
		E31DFF3D27B1240000508E96 /* Debug */ = {
			isa = XCBuildConfiguration;
			buildSettings = {
				ALWAYS_SEARCH_USER_PATHS = NO;
				CLANG_ANALYZER_NONNULL = YES;
				CLANG_ANALYZER_NUMBER_OBJECT_CONVERSION = YES_AGGRESSIVE;
				CLANG_CXX_LANGUAGE_STANDARD = "gnu++17";
				CLANG_CXX_LIBRARY = "libc++";
				CLANG_ENABLE_MODULES = YES;
				CLANG_ENABLE_OBJC_ARC = YES;
				CLANG_ENABLE_OBJC_WEAK = YES;
				CLANG_WARN_BLOCK_CAPTURE_AUTORELEASING = YES;
				CLANG_WARN_BOOL_CONVERSION = YES;
				CLANG_WARN_COMMA = YES;
				CLANG_WARN_CONSTANT_CONVERSION = YES;
				CLANG_WARN_DEPRECATED_OBJC_IMPLEMENTATIONS = YES;
				CLANG_WARN_DIRECT_OBJC_ISA_USAGE = YES_ERROR;
				CLANG_WARN_DOCUMENTATION_COMMENTS = YES;
				CLANG_WARN_EMPTY_BODY = YES;
				CLANG_WARN_ENUM_CONVERSION = YES;
				CLANG_WARN_INFINITE_RECURSION = YES;
				CLANG_WARN_INT_CONVERSION = YES;
				CLANG_WARN_NON_LITERAL_NULL_CONVERSION = YES;
				CLANG_WARN_OBJC_IMPLICIT_RETAIN_SELF = YES;
				CLANG_WARN_OBJC_LITERAL_CONVERSION = YES;
				CLANG_WARN_OBJC_ROOT_CLASS = YES_ERROR;
				CLANG_WARN_QUOTED_INCLUDE_IN_FRAMEWORK_HEADER = YES;
				CLANG_WARN_RANGE_LOOP_ANALYSIS = YES;
				CLANG_WARN_STRICT_PROTOTYPES = YES;
				CLANG_WARN_SUSPICIOUS_MOVE = YES;
				CLANG_WARN_UNGUARDED_AVAILABILITY = YES_AGGRESSIVE;
				CLANG_WARN_UNREACHABLE_CODE = YES;
				CLANG_WARN__DUPLICATE_METHOD_MATCH = YES;
				COPY_PHASE_STRIP = NO;
				DEBUG_INFORMATION_FORMAT = dwarf;
				ENABLE_STRICT_OBJC_MSGSEND = YES;
				ENABLE_TESTABILITY = YES;
				GCC_C_LANGUAGE_STANDARD = gnu11;
				GCC_DYNAMIC_NO_PIC = NO;
				GCC_NO_COMMON_BLOCKS = YES;
				GCC_OPTIMIZATION_LEVEL = 0;
				GCC_PREPROCESSOR_DEFINITIONS = (
					"DEBUG=1",
					"$(inherited)",
				);
				GCC_WARN_64_TO_32_BIT_CONVERSION = YES;
				GCC_WARN_ABOUT_RETURN_TYPE = YES_ERROR;
				GCC_WARN_UNDECLARED_SELECTOR = YES;
				GCC_WARN_UNINITIALIZED_AUTOS = YES_AGGRESSIVE;
				GCC_WARN_UNUSED_FUNCTION = YES;
				GCC_WARN_UNUSED_VARIABLE = YES;
				IPHONEOS_DEPLOYMENT_TARGET = 15.0;
				MTL_ENABLE_DEBUG_INFO = INCLUDE_SOURCE;
				MTL_FAST_MATH = YES;
				ONLY_ACTIVE_ARCH = YES;
				SDKROOT = iphoneos;
				SWIFT_ACTIVE_COMPILATION_CONDITIONS = DEBUG;
				SWIFT_OPTIMIZATION_LEVEL = "-Onone";
			};
			name = Debug;
		};
		E31DFF3E27B1240000508E96 /* Release */ = {
			isa = XCBuildConfiguration;
			buildSettings = {
				ALWAYS_SEARCH_USER_PATHS = NO;
				CLANG_ANALYZER_NONNULL = YES;
				CLANG_ANALYZER_NUMBER_OBJECT_CONVERSION = YES_AGGRESSIVE;
				CLANG_CXX_LANGUAGE_STANDARD = "gnu++17";
				CLANG_CXX_LIBRARY = "libc++";
				CLANG_ENABLE_MODULES = YES;
				CLANG_ENABLE_OBJC_ARC = YES;
				CLANG_ENABLE_OBJC_WEAK = YES;
				CLANG_WARN_BLOCK_CAPTURE_AUTORELEASING = YES;
				CLANG_WARN_BOOL_CONVERSION = YES;
				CLANG_WARN_COMMA = YES;
				CLANG_WARN_CONSTANT_CONVERSION = YES;
				CLANG_WARN_DEPRECATED_OBJC_IMPLEMENTATIONS = YES;
				CLANG_WARN_DIRECT_OBJC_ISA_USAGE = YES_ERROR;
				CLANG_WARN_DOCUMENTATION_COMMENTS = YES;
				CLANG_WARN_EMPTY_BODY = YES;
				CLANG_WARN_ENUM_CONVERSION = YES;
				CLANG_WARN_INFINITE_RECURSION = YES;
				CLANG_WARN_INT_CONVERSION = YES;
				CLANG_WARN_NON_LITERAL_NULL_CONVERSION = YES;
				CLANG_WARN_OBJC_IMPLICIT_RETAIN_SELF = YES;
				CLANG_WARN_OBJC_LITERAL_CONVERSION = YES;
				CLANG_WARN_OBJC_ROOT_CLASS = YES_ERROR;
				CLANG_WARN_QUOTED_INCLUDE_IN_FRAMEWORK_HEADER = YES;
				CLANG_WARN_RANGE_LOOP_ANALYSIS = YES;
				CLANG_WARN_STRICT_PROTOTYPES = YES;
				CLANG_WARN_SUSPICIOUS_MOVE = YES;
				CLANG_WARN_UNGUARDED_AVAILABILITY = YES_AGGRESSIVE;
				CLANG_WARN_UNREACHABLE_CODE = YES;
				CLANG_WARN__DUPLICATE_METHOD_MATCH = YES;
				COPY_PHASE_STRIP = NO;
				DEBUG_INFORMATION_FORMAT = "dwarf-with-dsym";
				ENABLE_NS_ASSERTIONS = NO;
				ENABLE_STRICT_OBJC_MSGSEND = YES;
				GCC_C_LANGUAGE_STANDARD = gnu11;
				GCC_NO_COMMON_BLOCKS = YES;
				GCC_WARN_64_TO_32_BIT_CONVERSION = YES;
				GCC_WARN_ABOUT_RETURN_TYPE = YES_ERROR;
				GCC_WARN_UNDECLARED_SELECTOR = YES;
				GCC_WARN_UNINITIALIZED_AUTOS = YES_AGGRESSIVE;
				GCC_WARN_UNUSED_FUNCTION = YES;
				GCC_WARN_UNUSED_VARIABLE = YES;
				IPHONEOS_DEPLOYMENT_TARGET = 15.0;
				MTL_ENABLE_DEBUG_INFO = NO;
				MTL_FAST_MATH = YES;
				SDKROOT = iphoneos;
				SWIFT_COMPILATION_MODE = wholemodule;
				SWIFT_OPTIMIZATION_LEVEL = "-O";
				VALIDATE_PRODUCT = YES;
			};
			name = Release;
		};
		E31DFF4027B1240000508E96 /* Debug */ = {
			isa = XCBuildConfiguration;
			baseConfigurationReference = 6453FD56521A16CB5D3EBA86 /* Pods-Elib.debug.xcconfig */;
			buildSettings = {
				ASSETCATALOG_COMPILER_APPICON_NAME = AppIcon;
				ASSETCATALOG_COMPILER_GLOBAL_ACCENT_COLOR_NAME = AccentColor;
				CODE_SIGN_STYLE = Automatic;
				CURRENT_PROJECT_VERSION = 1;
				DEVELOPMENT_ASSET_PATHS = "\"Elib/Preview Content\"";
				DEVELOPMENT_TEAM = F898W4P72K;
				ENABLE_PREVIEWS = YES;
				GENERATE_INFOPLIST_FILE = YES;
				INFOPLIST_FILE = Elib/Info.plist;
				INFOPLIST_KEY_UIApplicationSceneManifest_Generation = YES;
				INFOPLIST_KEY_UIApplicationSupportsIndirectInputEvents = YES;
				INFOPLIST_KEY_UILaunchScreen_Generation = YES;
				INFOPLIST_KEY_UISupportedInterfaceOrientations = "";
				INFOPLIST_KEY_UISupportedInterfaceOrientations_iPad = "UIInterfaceOrientationPortrait UIInterfaceOrientationPortraitUpsideDown UIInterfaceOrientationLandscapeLeft UIInterfaceOrientationLandscapeRight";
				INFOPLIST_KEY_UISupportedInterfaceOrientations_iPhone = "UIInterfaceOrientationPortrait UIInterfaceOrientationLandscapeLeft UIInterfaceOrientationLandscapeRight";
				IPHONEOS_DEPLOYMENT_TARGET = 15.2;
				LD_RUNPATH_SEARCH_PATHS = (
					"$(inherited)",
					"@executable_path/Frameworks",
				);
				MARKETING_VERSION = 1.0;
				PRODUCT_BUNDLE_IDENTIFIER = com.danakmat.Elib;
				PRODUCT_NAME = "$(TARGET_NAME)";
				SWIFT_EMIT_LOC_STRINGS = YES;
				SWIFT_VERSION = 5.0;
				TARGETED_DEVICE_FAMILY = "1,2";
			};
			name = Debug;
		};
		E31DFF4127B1240000508E96 /* Release */ = {
			isa = XCBuildConfiguration;
			baseConfigurationReference = CF6697FE394965DC2D39EFB3 /* Pods-Elib.release.xcconfig */;
			buildSettings = {
				ASSETCATALOG_COMPILER_APPICON_NAME = AppIcon;
				ASSETCATALOG_COMPILER_GLOBAL_ACCENT_COLOR_NAME = AccentColor;
				CODE_SIGN_STYLE = Automatic;
				CURRENT_PROJECT_VERSION = 1;
				DEVELOPMENT_ASSET_PATHS = "\"Elib/Preview Content\"";
				DEVELOPMENT_TEAM = F898W4P72K;
				ENABLE_PREVIEWS = YES;
				GENERATE_INFOPLIST_FILE = YES;
				INFOPLIST_FILE = Elib/Info.plist;
				INFOPLIST_KEY_UIApplicationSceneManifest_Generation = YES;
				INFOPLIST_KEY_UIApplicationSupportsIndirectInputEvents = YES;
				INFOPLIST_KEY_UILaunchScreen_Generation = YES;
				INFOPLIST_KEY_UISupportedInterfaceOrientations = "";
				INFOPLIST_KEY_UISupportedInterfaceOrientations_iPad = "UIInterfaceOrientationPortrait UIInterfaceOrientationPortraitUpsideDown UIInterfaceOrientationLandscapeLeft UIInterfaceOrientationLandscapeRight";
				INFOPLIST_KEY_UISupportedInterfaceOrientations_iPhone = "UIInterfaceOrientationPortrait UIInterfaceOrientationLandscapeLeft UIInterfaceOrientationLandscapeRight";
				IPHONEOS_DEPLOYMENT_TARGET = 15.2;
				LD_RUNPATH_SEARCH_PATHS = (
					"$(inherited)",
					"@executable_path/Frameworks",
				);
				MARKETING_VERSION = 1.0;
				PRODUCT_BUNDLE_IDENTIFIER = com.danakmat.Elib;
				PRODUCT_NAME = "$(TARGET_NAME)";
				SWIFT_EMIT_LOC_STRINGS = YES;
				SWIFT_VERSION = 5.0;
				TARGETED_DEVICE_FAMILY = "1,2";
			};
			name = Release;
		};
/* End XCBuildConfiguration section */

/* Begin XCConfigurationList section */
		E31DFF2C27B123F900508E96 /* Build configuration list for PBXProject "Elib" */ = {
			isa = XCConfigurationList;
			buildConfigurations = (
				E31DFF3D27B1240000508E96 /* Debug */,
				E31DFF3E27B1240000508E96 /* Release */,
			);
			defaultConfigurationIsVisible = 0;
			defaultConfigurationName = Release;
		};
		E31DFF3F27B1240000508E96 /* Build configuration list for PBXNativeTarget "Elib" */ = {
			isa = XCConfigurationList;
			buildConfigurations = (
				E31DFF4027B1240000508E96 /* Debug */,
				E31DFF4127B1240000508E96 /* Release */,
			);
			defaultConfigurationIsVisible = 0;
			defaultConfigurationName = Release;
		};
/* End XCConfigurationList section */

/* Begin XCRemoteSwiftPackageReference section */
		E370E9B127D69A9400218B86 /* XCRemoteSwiftPackageReference "SDWebImageSwiftUI" */ = {
			isa = XCRemoteSwiftPackageReference;
			repositoryURL = "https://github.com/SDWebImage/SDWebImageSwiftUI.git";
			requirement = {
				kind = upToNextMajorVersion;
				minimumVersion = 2.0.0;
			};
		};
/* End XCRemoteSwiftPackageReference section */

/* Begin XCSwiftPackageProductDependency section */
		E370E9B227D69A9500218B86 /* SDWebImageSwiftUI */ = {
			isa = XCSwiftPackageProductDependency;
			package = E370E9B127D69A9400218B86 /* XCRemoteSwiftPackageReference "SDWebImageSwiftUI" */;
			productName = SDWebImageSwiftUI;
		};
/* End XCSwiftPackageProductDependency section */
	};
	rootObject = E31DFF2927B123F900508E96 /* Project object */;
}
